
Microsoft Visual Studio Solution File, Format Version 12.00
# Visual Studio Version 17
VisualStudioVersion = 17.9.34723.18
MinimumVisualStudioVersion = 10.0.40219.1
Project("{FAE04EC0-301F-11D3-BF4B-00C04F79EFBC}") = "Pomodoro.Server", "Pomodoro.Server\Pomodoro.Server.csproj", "{899BFC68-E1DA-4221-B494-69BF5144ED08}"
EndProject
Project("{54A90642-561A-4BB1-A94E-469ADEE60C69}") = "pomodoro.client", "pomodoro.client\pomodoro.client.esproj", "{1E1F47DB-60DA-4524-9AE5-8B88CFAAC478}"
EndProject
Global
	GlobalSection(SolutionConfigurationPlatforms) = preSolution
		Debug|Any CPU = Debug|Any CPU
		Release|Any CPU = Release|Any CPU
	EndGlobalSection
	GlobalSection(ProjectConfigurationPlatforms) = postSolution
		{899BFC68-E1DA-4221-B494-69BF5144ED08}.Debug|Any CPU.ActiveCfg = Debug|Any CPU
		{899BFC68-E1DA-4221-B494-69BF5144ED08}.Debug|Any CPU.Build.0 = Debug|Any CPU
		{899BFC68-E1DA-4221-B494-69BF5144ED08}.Release|Any CPU.ActiveCfg = Release|Any CPU
		{899BFC68-E1DA-4221-B494-69BF5144ED08}.Release|Any CPU.Build.0 = Release|Any CPU
		{1E1F47DB-60DA-4524-9AE5-8B88CFAAC478}.Debug|Any CPU.ActiveCfg = Debug|Any CPU
		{1E1F47DB-60DA-4524-9AE5-8B88CFAAC478}.Debug|Any CPU.Build.0 = Debug|Any CPU
		{1E1F47DB-60DA-4524-9AE5-8B88CFAAC478}.Debug|Any CPU.Deploy.0 = Debug|Any CPU
		{1E1F47DB-60DA-4524-9AE5-8B88CFAAC478}.Release|Any CPU.ActiveCfg = Release|Any CPU
		{1E1F47DB-60DA-4524-9AE5-8B88CFAAC478}.Release|Any CPU.Build.0 = Release|Any CPU
		{1E1F47DB-60DA-4524-9AE5-8B88CFAAC478}.Release|Any CPU.Deploy.0 = Release|Any CPU
	EndGlobalSection
	GlobalSection(SolutionProperties) = preSolution
		HideSolutionNode = FALSE
	EndGlobalSection
	GlobalSection(ExtensibilityGlobals) = postSolution
		SolutionGuid = {2F54ABC3-66D2-45FF-9FA9-329AD64AD27D}
	EndGlobalSection
EndGlobal
